
Microsoft Visual Studio Solution File, Format Version 12.00
# Visual Studio Version 17
VisualStudioVersion = 17.0.32112.339
MinimumVisualStudioVersion = 10.0.40219.1
Project("{FAE04EC0-301F-11D3-BF4B-00C04F79EFBC}") = "PostGresDBTest", "PostGresDBTest\PostGresDBTest.csproj", "{3634B33B-78FB-4F5A-82BE-BD0F86951206}"
EndProject
Global
	GlobalSection(SolutionConfigurationPlatforms) = preSolution
		Debug|Any CPU = Debug|Any CPU
		Release|Any CPU = Release|Any CPU
	EndGlobalSection
	GlobalSection(ProjectConfigurationPlatforms) = postSolution
		{3634B33B-78FB-4F5A-82BE-BD0F86951206}.Debug|Any CPU.ActiveCfg = Debug|Any CPU
		{3634B33B-78FB-4F5A-82BE-BD0F86951206}.Debug|Any CPU.Build.0 = Debug|Any CPU
		{3634B33B-78FB-4F5A-82BE-BD0F86951206}.Release|Any CPU.ActiveCfg = Release|Any CPU
		{3634B33B-78FB-4F5A-82BE-BD0F86951206}.Release|Any CPU.Build.0 = Release|Any CPU
	EndGlobalSection
	GlobalSection(SolutionProperties) = preSolution
		HideSolutionNode = FALSE
	EndGlobalSection
	GlobalSection(ExtensibilityGlobals) = postSolution
		SolutionGuid = {EA34141A-F5B0-4B49-9794-84AA7ADD2E00}
	EndGlobalSection
EndGlobal
